
Microsoft Visual Studio Solution File, Format Version 12.00
# Visual Studio Version 16
VisualStudioVersion = 16.0.31129.286
MinimumVisualStudioVersion = 10.0.40219.1
Project("{FAE04EC0-301F-11D3-BF4B-00C04F79EFBC}") = "Questão 05-Lista 06", "Questão 05-Lista 06.csproj", "{5A267517-31EF-4B68-B626-E2B4CC1BDFC5}"
EndProject
Global
	GlobalSection(SolutionConfigurationPlatforms) = preSolution
		Debug|Any CPU = Debug|Any CPU
		Release|Any CPU = Release|Any CPU
	EndGlobalSection
	GlobalSection(ProjectConfigurationPlatforms) = postSolution
		{5A267517-31EF-4B68-B626-E2B4CC1BDFC5}.Debug|Any CPU.ActiveCfg = Debug|Any CPU
		{5A267517-31EF-4B68-B626-E2B4CC1BDFC5}.Debug|Any CPU.Build.0 = Debug|Any CPU
		{5A267517-31EF-4B68-B626-E2B4CC1BDFC5}.Release|Any CPU.ActiveCfg = Release|Any CPU
		{5A267517-31EF-4B68-B626-E2B4CC1BDFC5}.Release|Any CPU.Build.0 = Release|Any CPU
	EndGlobalSection
	GlobalSection(SolutionProperties) = preSolution
		HideSolutionNode = FALSE
	EndGlobalSection
	GlobalSection(ExtensibilityGlobals) = postSolution
		SolutionGuid = {18B9F17F-5F62-4503-AC31-03F43500770B}
	EndGlobalSection
EndGlobal
