
Microsoft Visual Studio Solution File, Format Version 12.00
# Visual Studio Version 16
VisualStudioVersion = 16.0.31321.278
MinimumVisualStudioVersion = 10.0.40219.1
Project("{FAE04EC0-301F-11D3-BF4B-00C04F79EFBC}") = "Questão 03-Lista 11", "Questão 03-Lista 11.csproj", "{77C79186-14EC-440E-9A52-D9FD31851C55}"
EndProject
Global
	GlobalSection(SolutionConfigurationPlatforms) = preSolution
		Debug|Any CPU = Debug|Any CPU
		Release|Any CPU = Release|Any CPU
	EndGlobalSection
	GlobalSection(ProjectConfigurationPlatforms) = postSolution
		{77C79186-14EC-440E-9A52-D9FD31851C55}.Debug|Any CPU.ActiveCfg = Debug|Any CPU
		{77C79186-14EC-440E-9A52-D9FD31851C55}.Debug|Any CPU.Build.0 = Debug|Any CPU
		{77C79186-14EC-440E-9A52-D9FD31851C55}.Release|Any CPU.ActiveCfg = Release|Any CPU
		{77C79186-14EC-440E-9A52-D9FD31851C55}.Release|Any CPU.Build.0 = Release|Any CPU
	EndGlobalSection
	GlobalSection(SolutionProperties) = preSolution
		HideSolutionNode = FALSE
	EndGlobalSection
	GlobalSection(ExtensibilityGlobals) = postSolution
		SolutionGuid = {17A4630A-7BCB-4BC1-8895-007956F9BE56}
	EndGlobalSection
EndGlobal
