
Microsoft Visual Studio Solution File, Format Version 12.00
# Visual Studio Version 16
VisualStudioVersion = 16.0.31129.286
MinimumVisualStudioVersion = 10.0.40219.1
Project("{FAE04EC0-301F-11D3-BF4B-00C04F79EFBC}") = "Questão 03-Lista 08", "Questão 03-Lista 08.csproj", "{717C0428-A1F2-4641-8FC2-04545CDEAA1B}"
EndProject
Global
	GlobalSection(SolutionConfigurationPlatforms) = preSolution
		Debug|Any CPU = Debug|Any CPU
		Release|Any CPU = Release|Any CPU
	EndGlobalSection
	GlobalSection(ProjectConfigurationPlatforms) = postSolution
		{717C0428-A1F2-4641-8FC2-04545CDEAA1B}.Debug|Any CPU.ActiveCfg = Debug|Any CPU
		{717C0428-A1F2-4641-8FC2-04545CDEAA1B}.Debug|Any CPU.Build.0 = Debug|Any CPU
		{717C0428-A1F2-4641-8FC2-04545CDEAA1B}.Release|Any CPU.ActiveCfg = Release|Any CPU
		{717C0428-A1F2-4641-8FC2-04545CDEAA1B}.Release|Any CPU.Build.0 = Release|Any CPU
	EndGlobalSection
	GlobalSection(SolutionProperties) = preSolution
		HideSolutionNode = FALSE
	EndGlobalSection
	GlobalSection(ExtensibilityGlobals) = postSolution
		SolutionGuid = {FCA679D4-4AA8-4A00-8763-3BF8E4032263}
	EndGlobalSection
EndGlobal
