
Microsoft Visual Studio Solution File, Format Version 12.00
# Visual Studio Version 16
VisualStudioVersion = 16.0.29905.134
MinimumVisualStudioVersion = 10.0.40219.1
Project("{FAE04EC0-301F-11D3-BF4B-00C04F79EFBC}") = "Questão 16-Lista 01", "Questão 16-Lista 01.csproj", "{B2D46B28-78D2-42C4-B82F-A44FBD52B1AD}"
EndProject
Global
	GlobalSection(SolutionConfigurationPlatforms) = preSolution
		Debug|Any CPU = Debug|Any CPU
		Release|Any CPU = Release|Any CPU
	EndGlobalSection
	GlobalSection(ProjectConfigurationPlatforms) = postSolution
		{B2D46B28-78D2-42C4-B82F-A44FBD52B1AD}.Debug|Any CPU.ActiveCfg = Debug|Any CPU
		{B2D46B28-78D2-42C4-B82F-A44FBD52B1AD}.Debug|Any CPU.Build.0 = Debug|Any CPU
		{B2D46B28-78D2-42C4-B82F-A44FBD52B1AD}.Release|Any CPU.ActiveCfg = Release|Any CPU
		{B2D46B28-78D2-42C4-B82F-A44FBD52B1AD}.Release|Any CPU.Build.0 = Release|Any CPU
	EndGlobalSection
	GlobalSection(SolutionProperties) = preSolution
		HideSolutionNode = FALSE
	EndGlobalSection
	GlobalSection(ExtensibilityGlobals) = postSolution
		SolutionGuid = {FBD84174-9CE4-46C3-A56E-818B209E4E65}
	EndGlobalSection
EndGlobal
