
Microsoft Visual Studio Solution File, Format Version 12.00
# Visual Studio Version 16
VisualStudioVersion = 16.0.30011.22
MinimumVisualStudioVersion = 10.0.40219.1
Project("{FAE04EC0-301F-11D3-BF4B-00C04F79EFBC}") = "Questão 25-Lista 01", "Questão 25-Lista 01.csproj", "{06B822B3-3452-47BE-9053-C3249AFE0518}"
EndProject
Global
	GlobalSection(SolutionConfigurationPlatforms) = preSolution
		Debug|Any CPU = Debug|Any CPU
		Release|Any CPU = Release|Any CPU
	EndGlobalSection
	GlobalSection(ProjectConfigurationPlatforms) = postSolution
		{06B822B3-3452-47BE-9053-C3249AFE0518}.Debug|Any CPU.ActiveCfg = Debug|Any CPU
		{06B822B3-3452-47BE-9053-C3249AFE0518}.Debug|Any CPU.Build.0 = Debug|Any CPU
		{06B822B3-3452-47BE-9053-C3249AFE0518}.Release|Any CPU.ActiveCfg = Release|Any CPU
		{06B822B3-3452-47BE-9053-C3249AFE0518}.Release|Any CPU.Build.0 = Release|Any CPU
	EndGlobalSection
	GlobalSection(SolutionProperties) = preSolution
		HideSolutionNode = FALSE
	EndGlobalSection
	GlobalSection(ExtensibilityGlobals) = postSolution
		SolutionGuid = {29971595-D6E2-468A-B167-B34688656947}
	EndGlobalSection
EndGlobal
