
Microsoft Visual Studio Solution File, Format Version 12.00
# Visual Studio Version 16
VisualStudioVersion = 16.0.29905.134
MinimumVisualStudioVersion = 10.0.40219.1
Project("{FAE04EC0-301F-11D3-BF4B-00C04F79EFBC}") = "Questão 09-Lista 01", "Questão 09-Lista 01.csproj", "{18460C82-D2E8-4AC1-B98B-62954A2DCDFB}"
EndProject
Global
	GlobalSection(SolutionConfigurationPlatforms) = preSolution
		Debug|Any CPU = Debug|Any CPU
		Release|Any CPU = Release|Any CPU
	EndGlobalSection
	GlobalSection(ProjectConfigurationPlatforms) = postSolution
		{18460C82-D2E8-4AC1-B98B-62954A2DCDFB}.Debug|Any CPU.ActiveCfg = Debug|Any CPU
		{18460C82-D2E8-4AC1-B98B-62954A2DCDFB}.Debug|Any CPU.Build.0 = Debug|Any CPU
		{18460C82-D2E8-4AC1-B98B-62954A2DCDFB}.Release|Any CPU.ActiveCfg = Release|Any CPU
		{18460C82-D2E8-4AC1-B98B-62954A2DCDFB}.Release|Any CPU.Build.0 = Release|Any CPU
	EndGlobalSection
	GlobalSection(SolutionProperties) = preSolution
		HideSolutionNode = FALSE
	EndGlobalSection
	GlobalSection(ExtensibilityGlobals) = postSolution
		SolutionGuid = {6A7BA12A-2FA9-4A67-9209-342B26D4982C}
	EndGlobalSection
EndGlobal
