
Microsoft Visual Studio Solution File, Format Version 12.00
# Visual Studio Version 16
VisualStudioVersion = 16.0.29905.134
MinimumVisualStudioVersion = 10.0.40219.1
Project("{FAE04EC0-301F-11D3-BF4B-00C04F79EFBC}") = "Questão 18-Lista 01", "Questão 18-Lista 01.csproj", "{1F0591FD-3EC8-4A70-A627-BA34D979401F}"
EndProject
Global
	GlobalSection(SolutionConfigurationPlatforms) = preSolution
		Debug|Any CPU = Debug|Any CPU
		Release|Any CPU = Release|Any CPU
	EndGlobalSection
	GlobalSection(ProjectConfigurationPlatforms) = postSolution
		{1F0591FD-3EC8-4A70-A627-BA34D979401F}.Debug|Any CPU.ActiveCfg = Debug|Any CPU
		{1F0591FD-3EC8-4A70-A627-BA34D979401F}.Debug|Any CPU.Build.0 = Debug|Any CPU
		{1F0591FD-3EC8-4A70-A627-BA34D979401F}.Release|Any CPU.ActiveCfg = Release|Any CPU
		{1F0591FD-3EC8-4A70-A627-BA34D979401F}.Release|Any CPU.Build.0 = Release|Any CPU
	EndGlobalSection
	GlobalSection(SolutionProperties) = preSolution
		HideSolutionNode = FALSE
	EndGlobalSection
	GlobalSection(ExtensibilityGlobals) = postSolution
		SolutionGuid = {AF6D52DB-84AA-4950-BD79-02BF065CB39A}
	EndGlobalSection
EndGlobal
