
Microsoft Visual Studio Solution File, Format Version 12.00
# Visual Studio Version 16
VisualStudioVersion = 16.0.31321.278
MinimumVisualStudioVersion = 10.0.40219.1
Project("{FAE04EC0-301F-11D3-BF4B-00C04F79EFBC}") = "Questão 02-Lista 12", "Questão 02-Lista 12.csproj", "{E279358E-FA53-413E-80C4-A7D92F42CE6C}"
EndProject
Global
	GlobalSection(SolutionConfigurationPlatforms) = preSolution
		Debug|Any CPU = Debug|Any CPU
		Release|Any CPU = Release|Any CPU
	EndGlobalSection
	GlobalSection(ProjectConfigurationPlatforms) = postSolution
		{E279358E-FA53-413E-80C4-A7D92F42CE6C}.Debug|Any CPU.ActiveCfg = Debug|Any CPU
		{E279358E-FA53-413E-80C4-A7D92F42CE6C}.Debug|Any CPU.Build.0 = Debug|Any CPU
		{E279358E-FA53-413E-80C4-A7D92F42CE6C}.Release|Any CPU.ActiveCfg = Release|Any CPU
		{E279358E-FA53-413E-80C4-A7D92F42CE6C}.Release|Any CPU.Build.0 = Release|Any CPU
	EndGlobalSection
	GlobalSection(SolutionProperties) = preSolution
		HideSolutionNode = FALSE
	EndGlobalSection
	GlobalSection(ExtensibilityGlobals) = postSolution
		SolutionGuid = {69D13C89-5FC0-4B05-9E4E-E5041398CD59}
	EndGlobalSection
EndGlobal
