
Microsoft Visual Studio Solution File, Format Version 12.00
# Visual Studio Version 16
VisualStudioVersion = 16.0.30804.86
MinimumVisualStudioVersion = 10.0.40219.1
Project("{FAE04EC0-301F-11D3-BF4B-00C04F79EFBC}") = "Questão 01-Lista 05", "Questão 01-Lista 05.csproj", "{E18AF8D9-3928-4FEB-8E3F-5E8534E8EF6F}"
EndProject
Global
	GlobalSection(SolutionConfigurationPlatforms) = preSolution
		Debug|Any CPU = Debug|Any CPU
		Release|Any CPU = Release|Any CPU
	EndGlobalSection
	GlobalSection(ProjectConfigurationPlatforms) = postSolution
		{E18AF8D9-3928-4FEB-8E3F-5E8534E8EF6F}.Debug|Any CPU.ActiveCfg = Debug|Any CPU
		{E18AF8D9-3928-4FEB-8E3F-5E8534E8EF6F}.Debug|Any CPU.Build.0 = Debug|Any CPU
		{E18AF8D9-3928-4FEB-8E3F-5E8534E8EF6F}.Release|Any CPU.ActiveCfg = Release|Any CPU
		{E18AF8D9-3928-4FEB-8E3F-5E8534E8EF6F}.Release|Any CPU.Build.0 = Release|Any CPU
	EndGlobalSection
	GlobalSection(SolutionProperties) = preSolution
		HideSolutionNode = FALSE
	EndGlobalSection
	GlobalSection(ExtensibilityGlobals) = postSolution
		SolutionGuid = {59B40868-3E57-4AAB-9CC4-CE5F1333A1DC}
	EndGlobalSection
EndGlobal
