
Microsoft Visual Studio Solution File, Format Version 12.00
# Visual Studio Version 16
VisualStudioVersion = 16.0.30804.86
MinimumVisualStudioVersion = 10.0.40219.1
Project("{FAE04EC0-301F-11D3-BF4B-00C04F79EFBC}") = "Questão 05 (1) - Lista 01", "Questão 05 (1) - Lista 01.csproj", "{A05669A4-7B9E-48D3-A406-3E6FDE6ED2CD}"
EndProject
Global
	GlobalSection(SolutionConfigurationPlatforms) = preSolution
		Debug|Any CPU = Debug|Any CPU
		Release|Any CPU = Release|Any CPU
	EndGlobalSection
	GlobalSection(ProjectConfigurationPlatforms) = postSolution
		{A05669A4-7B9E-48D3-A406-3E6FDE6ED2CD}.Debug|Any CPU.ActiveCfg = Debug|Any CPU
		{A05669A4-7B9E-48D3-A406-3E6FDE6ED2CD}.Debug|Any CPU.Build.0 = Debug|Any CPU
		{A05669A4-7B9E-48D3-A406-3E6FDE6ED2CD}.Release|Any CPU.ActiveCfg = Release|Any CPU
		{A05669A4-7B9E-48D3-A406-3E6FDE6ED2CD}.Release|Any CPU.Build.0 = Release|Any CPU
	EndGlobalSection
	GlobalSection(SolutionProperties) = preSolution
		HideSolutionNode = FALSE
	EndGlobalSection
	GlobalSection(ExtensibilityGlobals) = postSolution
		SolutionGuid = {779AB076-DA06-428F-94E4-B37B0549507F}
	EndGlobalSection
EndGlobal
