
Microsoft Visual Studio Solution File, Format Version 12.00
# Visual Studio Version 16
VisualStudioVersion = 16.0.31129.286
MinimumVisualStudioVersion = 10.0.40219.1
Project("{FAE04EC0-301F-11D3-BF4B-00C04F79EFBC}") = "Questão 03-Lista 09", "Questão 03-Lista 09.csproj", "{92B64809-D76A-4A8E-8D93-C86C4CD6E4E3}"
EndProject
Global
	GlobalSection(SolutionConfigurationPlatforms) = preSolution
		Debug|Any CPU = Debug|Any CPU
		Release|Any CPU = Release|Any CPU
	EndGlobalSection
	GlobalSection(ProjectConfigurationPlatforms) = postSolution
		{92B64809-D76A-4A8E-8D93-C86C4CD6E4E3}.Debug|Any CPU.ActiveCfg = Debug|Any CPU
		{92B64809-D76A-4A8E-8D93-C86C4CD6E4E3}.Debug|Any CPU.Build.0 = Debug|Any CPU
		{92B64809-D76A-4A8E-8D93-C86C4CD6E4E3}.Release|Any CPU.ActiveCfg = Release|Any CPU
		{92B64809-D76A-4A8E-8D93-C86C4CD6E4E3}.Release|Any CPU.Build.0 = Release|Any CPU
	EndGlobalSection
	GlobalSection(SolutionProperties) = preSolution
		HideSolutionNode = FALSE
	EndGlobalSection
	GlobalSection(ExtensibilityGlobals) = postSolution
		SolutionGuid = {0DEC65A6-5A62-4478-BC64-70D2EE3E76D4}
	EndGlobalSection
EndGlobal
