
Microsoft Visual Studio Solution File, Format Version 12.00
# Visual Studio Version 16
VisualStudioVersion = 16.0.30320.27
MinimumVisualStudioVersion = 10.0.40219.1
Project("{FAE04EC0-301F-11D3-BF4B-00C04F79EFBC}") = "Questão 33-Lista 01", "Questão 33-Lista 01.csproj", "{27BECC22-D57F-464A-83E5-D99F8D0921F0}"
EndProject
Global
	GlobalSection(SolutionConfigurationPlatforms) = preSolution
		Debug|Any CPU = Debug|Any CPU
		Release|Any CPU = Release|Any CPU
	EndGlobalSection
	GlobalSection(ProjectConfigurationPlatforms) = postSolution
		{27BECC22-D57F-464A-83E5-D99F8D0921F0}.Debug|Any CPU.ActiveCfg = Debug|Any CPU
		{27BECC22-D57F-464A-83E5-D99F8D0921F0}.Debug|Any CPU.Build.0 = Debug|Any CPU
		{27BECC22-D57F-464A-83E5-D99F8D0921F0}.Release|Any CPU.ActiveCfg = Release|Any CPU
		{27BECC22-D57F-464A-83E5-D99F8D0921F0}.Release|Any CPU.Build.0 = Release|Any CPU
	EndGlobalSection
	GlobalSection(SolutionProperties) = preSolution
		HideSolutionNode = FALSE
	EndGlobalSection
	GlobalSection(ExtensibilityGlobals) = postSolution
		SolutionGuid = {2398980F-56B9-45F8-ABF9-905BC5BB4789}
	EndGlobalSection
EndGlobal
