
Microsoft Visual Studio Solution File, Format Version 12.00
# Visual Studio Version 16
VisualStudioVersion = 16.0.31129.286
MinimumVisualStudioVersion = 10.0.40219.1
Project("{FAE04EC0-301F-11D3-BF4B-00C04F79EFBC}") = "Questões 09-10-Teste 01", "Questões 09-10-Teste 01.csproj", "{0A76D0DD-4117-49A4-B5CA-6E6BA91730F7}"
EndProject
Global
	GlobalSection(SolutionConfigurationPlatforms) = preSolution
		Debug|Any CPU = Debug|Any CPU
		Release|Any CPU = Release|Any CPU
	EndGlobalSection
	GlobalSection(ProjectConfigurationPlatforms) = postSolution
		{0A76D0DD-4117-49A4-B5CA-6E6BA91730F7}.Debug|Any CPU.ActiveCfg = Debug|Any CPU
		{0A76D0DD-4117-49A4-B5CA-6E6BA91730F7}.Debug|Any CPU.Build.0 = Debug|Any CPU
		{0A76D0DD-4117-49A4-B5CA-6E6BA91730F7}.Release|Any CPU.ActiveCfg = Release|Any CPU
		{0A76D0DD-4117-49A4-B5CA-6E6BA91730F7}.Release|Any CPU.Build.0 = Release|Any CPU
	EndGlobalSection
	GlobalSection(SolutionProperties) = preSolution
		HideSolutionNode = FALSE
	EndGlobalSection
	GlobalSection(ExtensibilityGlobals) = postSolution
		SolutionGuid = {15C94915-3E82-42EC-B2DF-7F7DA8B641FC}
	EndGlobalSection
EndGlobal
