
Microsoft Visual Studio Solution File, Format Version 12.00
# Visual Studio Version 16
VisualStudioVersion = 16.0.30114.105
MinimumVisualStudioVersion = 10.0.40219.1
Project("{FAE04EC0-301F-11D3-BF4B-00C04F79EFBC}") = "Questão 32-Lista 01", "Questão 32-Lista 01.csproj", "{FCDB5A85-D9B4-43CD-AB44-585BF336696D}"
EndProject
Global
	GlobalSection(SolutionConfigurationPlatforms) = preSolution
		Debug|Any CPU = Debug|Any CPU
		Release|Any CPU = Release|Any CPU
	EndGlobalSection
	GlobalSection(ProjectConfigurationPlatforms) = postSolution
		{FCDB5A85-D9B4-43CD-AB44-585BF336696D}.Debug|Any CPU.ActiveCfg = Debug|Any CPU
		{FCDB5A85-D9B4-43CD-AB44-585BF336696D}.Debug|Any CPU.Build.0 = Debug|Any CPU
		{FCDB5A85-D9B4-43CD-AB44-585BF336696D}.Release|Any CPU.ActiveCfg = Release|Any CPU
		{FCDB5A85-D9B4-43CD-AB44-585BF336696D}.Release|Any CPU.Build.0 = Release|Any CPU
	EndGlobalSection
	GlobalSection(SolutionProperties) = preSolution
		HideSolutionNode = FALSE
	EndGlobalSection
	GlobalSection(ExtensibilityGlobals) = postSolution
		SolutionGuid = {D3FF8653-9EF1-4B52-A79B-62E1AA787F48}
	EndGlobalSection
EndGlobal
