
Microsoft Visual Studio Solution File, Format Version 12.00
# Visual Studio Version 16
VisualStudioVersion = 16.0.31129.286
MinimumVisualStudioVersion = 10.0.40219.1
Project("{FAE04EC0-301F-11D3-BF4B-00C04F79EFBC}") = "OlaMundo", "OlaMundo.csproj", "{88D18A0C-3C8B-4F07-8843-8F41586CFA8E}"
EndProject
Global
	GlobalSection(SolutionConfigurationPlatforms) = preSolution
		Debug|Any CPU = Debug|Any CPU
		Release|Any CPU = Release|Any CPU
	EndGlobalSection
	GlobalSection(ProjectConfigurationPlatforms) = postSolution
		{88D18A0C-3C8B-4F07-8843-8F41586CFA8E}.Debug|Any CPU.ActiveCfg = Debug|Any CPU
		{88D18A0C-3C8B-4F07-8843-8F41586CFA8E}.Debug|Any CPU.Build.0 = Debug|Any CPU
		{88D18A0C-3C8B-4F07-8843-8F41586CFA8E}.Release|Any CPU.ActiveCfg = Release|Any CPU
		{88D18A0C-3C8B-4F07-8843-8F41586CFA8E}.Release|Any CPU.Build.0 = Release|Any CPU
	EndGlobalSection
	GlobalSection(SolutionProperties) = preSolution
		HideSolutionNode = FALSE
	EndGlobalSection
	GlobalSection(ExtensibilityGlobals) = postSolution
		SolutionGuid = {5F08DAB2-975A-4C3D-AA52-F96AECA2AACF}
	EndGlobalSection
EndGlobal
