
Microsoft Visual Studio Solution File, Format Version 12.00
# Visual Studio Version 16
VisualStudioVersion = 16.0.30011.22
MinimumVisualStudioVersion = 10.0.40219.1
Project("{FAE04EC0-301F-11D3-BF4B-00C04F79EFBC}") = "Questão 29-Lista 01", "Questão 29-Lista 01.csproj", "{AC85E785-CE1E-479D-ABA9-B1EE0476F98C}"
EndProject
Global
	GlobalSection(SolutionConfigurationPlatforms) = preSolution
		Debug|Any CPU = Debug|Any CPU
		Release|Any CPU = Release|Any CPU
	EndGlobalSection
	GlobalSection(ProjectConfigurationPlatforms) = postSolution
		{AC85E785-CE1E-479D-ABA9-B1EE0476F98C}.Debug|Any CPU.ActiveCfg = Debug|Any CPU
		{AC85E785-CE1E-479D-ABA9-B1EE0476F98C}.Debug|Any CPU.Build.0 = Debug|Any CPU
		{AC85E785-CE1E-479D-ABA9-B1EE0476F98C}.Release|Any CPU.ActiveCfg = Release|Any CPU
		{AC85E785-CE1E-479D-ABA9-B1EE0476F98C}.Release|Any CPU.Build.0 = Release|Any CPU
	EndGlobalSection
	GlobalSection(SolutionProperties) = preSolution
		HideSolutionNode = FALSE
	EndGlobalSection
	GlobalSection(ExtensibilityGlobals) = postSolution
		SolutionGuid = {D5569E58-5C62-4A2B-84F1-99C955D308CF}
	EndGlobalSection
EndGlobal
