
Microsoft Visual Studio Solution File, Format Version 12.00
# Visual Studio Version 16
VisualStudioVersion = 16.0.30320.27
MinimumVisualStudioVersion = 10.0.40219.1
Project("{FAE04EC0-301F-11D3-BF4B-00C04F79EFBC}") = "Questão 34-Lista 01", "Questão 34-Lista 01.csproj", "{195C207C-C3AF-47C0-BDB7-87649701296E}"
EndProject
Global
	GlobalSection(SolutionConfigurationPlatforms) = preSolution
		Debug|Any CPU = Debug|Any CPU
		Release|Any CPU = Release|Any CPU
	EndGlobalSection
	GlobalSection(ProjectConfigurationPlatforms) = postSolution
		{195C207C-C3AF-47C0-BDB7-87649701296E}.Debug|Any CPU.ActiveCfg = Debug|Any CPU
		{195C207C-C3AF-47C0-BDB7-87649701296E}.Debug|Any CPU.Build.0 = Debug|Any CPU
		{195C207C-C3AF-47C0-BDB7-87649701296E}.Release|Any CPU.ActiveCfg = Release|Any CPU
		{195C207C-C3AF-47C0-BDB7-87649701296E}.Release|Any CPU.Build.0 = Release|Any CPU
	EndGlobalSection
	GlobalSection(SolutionProperties) = preSolution
		HideSolutionNode = FALSE
	EndGlobalSection
	GlobalSection(ExtensibilityGlobals) = postSolution
		SolutionGuid = {36FD2050-72B5-4450-A6D8-C9C97D083D8B}
	EndGlobalSection
EndGlobal
