
Microsoft Visual Studio Solution File, Format Version 12.00
# Visual Studio Version 16
VisualStudioVersion = 16.0.30114.105
MinimumVisualStudioVersion = 10.0.40219.1
Project("{FAE04EC0-301F-11D3-BF4B-00C04F79EFBC}") = "Questão 31-Lista 01", "Questão 31-Lista 01.csproj", "{812948FD-2F1D-4AE0-B414-91A4D986DD40}"
EndProject
Global
	GlobalSection(SolutionConfigurationPlatforms) = preSolution
		Debug|Any CPU = Debug|Any CPU
		Release|Any CPU = Release|Any CPU
	EndGlobalSection
	GlobalSection(ProjectConfigurationPlatforms) = postSolution
		{812948FD-2F1D-4AE0-B414-91A4D986DD40}.Debug|Any CPU.ActiveCfg = Debug|Any CPU
		{812948FD-2F1D-4AE0-B414-91A4D986DD40}.Debug|Any CPU.Build.0 = Debug|Any CPU
		{812948FD-2F1D-4AE0-B414-91A4D986DD40}.Release|Any CPU.ActiveCfg = Release|Any CPU
		{812948FD-2F1D-4AE0-B414-91A4D986DD40}.Release|Any CPU.Build.0 = Release|Any CPU
	EndGlobalSection
	GlobalSection(SolutionProperties) = preSolution
		HideSolutionNode = FALSE
	EndGlobalSection
	GlobalSection(ExtensibilityGlobals) = postSolution
		SolutionGuid = {B73E8671-D936-4D4A-AE93-CEA35792BF17}
	EndGlobalSection
EndGlobal
