
Microsoft Visual Studio Solution File, Format Version 12.00
# Visual Studio Version 16
VisualStudioVersion = 16.0.30804.86
MinimumVisualStudioVersion = 10.0.40219.1
Project("{FAE04EC0-301F-11D3-BF4B-00C04F79EFBC}") = "Questão 05-Lista 05", "Questão 05-Lista 05.csproj", "{0E25635A-32AD-4A6D-8F75-8D0E49CF4AD0}"
EndProject
Global
	GlobalSection(SolutionConfigurationPlatforms) = preSolution
		Debug|Any CPU = Debug|Any CPU
		Release|Any CPU = Release|Any CPU
	EndGlobalSection
	GlobalSection(ProjectConfigurationPlatforms) = postSolution
		{0E25635A-32AD-4A6D-8F75-8D0E49CF4AD0}.Debug|Any CPU.ActiveCfg = Debug|Any CPU
		{0E25635A-32AD-4A6D-8F75-8D0E49CF4AD0}.Debug|Any CPU.Build.0 = Debug|Any CPU
		{0E25635A-32AD-4A6D-8F75-8D0E49CF4AD0}.Release|Any CPU.ActiveCfg = Release|Any CPU
		{0E25635A-32AD-4A6D-8F75-8D0E49CF4AD0}.Release|Any CPU.Build.0 = Release|Any CPU
	EndGlobalSection
	GlobalSection(SolutionProperties) = preSolution
		HideSolutionNode = FALSE
	EndGlobalSection
	GlobalSection(ExtensibilityGlobals) = postSolution
		SolutionGuid = {87198367-7B07-4586-9A85-AA136C5644BE}
	EndGlobalSection
EndGlobal
