
Microsoft Visual Studio Solution File, Format Version 12.00
# Visual Studio Version 16
VisualStudioVersion = 16.0.30804.86
MinimumVisualStudioVersion = 10.0.40219.1
Project("{FAE04EC0-301F-11D3-BF4B-00C04F79EFBC}") = "Questão 04-Lista 05", "Questão 04-Lista 05.csproj", "{9301DA6C-FCD5-4987-A4C4-644536F3F163}"
EndProject
Global
	GlobalSection(SolutionConfigurationPlatforms) = preSolution
		Debug|Any CPU = Debug|Any CPU
		Release|Any CPU = Release|Any CPU
	EndGlobalSection
	GlobalSection(ProjectConfigurationPlatforms) = postSolution
		{9301DA6C-FCD5-4987-A4C4-644536F3F163}.Debug|Any CPU.ActiveCfg = Debug|Any CPU
		{9301DA6C-FCD5-4987-A4C4-644536F3F163}.Debug|Any CPU.Build.0 = Debug|Any CPU
		{9301DA6C-FCD5-4987-A4C4-644536F3F163}.Release|Any CPU.ActiveCfg = Release|Any CPU
		{9301DA6C-FCD5-4987-A4C4-644536F3F163}.Release|Any CPU.Build.0 = Release|Any CPU
	EndGlobalSection
	GlobalSection(SolutionProperties) = preSolution
		HideSolutionNode = FALSE
	EndGlobalSection
	GlobalSection(ExtensibilityGlobals) = postSolution
		SolutionGuid = {76350C92-BBAE-4CB6-A128-9F9DF6833D33}
	EndGlobalSection
EndGlobal
